
Microsoft Visual Studio Solution File, Format Version 12.00
# Visual Studio Version 17
VisualStudioVersion = 17.10.35013.160
MinimumVisualStudioVersion = 10.0.40219.1
Project("{FAE04EC0-301F-11D3-BF4B-00C04F79EFBC}") = "SmartSpend API", "SmartSpend API\SmartSpend API.csproj", "{C36671AD-BB28-49CB-AE1A-E3E3065790A4}"
EndProject
Global
	GlobalSection(SolutionConfigurationPlatforms) = preSolution
		Debug|Any CPU = Debug|Any CPU
		Release|Any CPU = Release|Any CPU
	EndGlobalSection
	GlobalSection(ProjectConfigurationPlatforms) = postSolution
		{C36671AD-BB28-49CB-AE1A-E3E3065790A4}.Debug|Any CPU.ActiveCfg = Debug|Any CPU
		{C36671AD-BB28-49CB-AE1A-E3E3065790A4}.Debug|Any CPU.Build.0 = Debug|Any CPU
		{C36671AD-BB28-49CB-AE1A-E3E3065790A4}.Release|Any CPU.ActiveCfg = Release|Any CPU
		{C36671AD-BB28-49CB-AE1A-E3E3065790A4}.Release|Any CPU.Build.0 = Release|Any CPU
	EndGlobalSection
	GlobalSection(SolutionProperties) = preSolution
		HideSolutionNode = FALSE
	EndGlobalSection
	GlobalSection(ExtensibilityGlobals) = postSolution
		SolutionGuid = {58743193-2579-4C45-A038-932C712FC06E}
	EndGlobalSection
EndGlobal
